
Microsoft Visual Studio Solution File, Format Version 12.00
# Visual Studio Version 17
VisualStudioVersion = 17.7.34202.233
MinimumVisualStudioVersion = 10.0.40219.1
Project("{FAE04EC0-301F-11D3-BF4B-00C04F79EFBC}") = "ServiceHealthMeassurementApp", "ServiceHealthMeassurementApp\ServiceHealthMeassurementApp.csproj", "{ACF44E3C-A227-4803-B3FF-66A1BF080CC0}"
EndProject
Global
	GlobalSection(SolutionConfigurationPlatforms) = preSolution
		Debug|Any CPU = Debug|Any CPU
		Release|Any CPU = Release|Any CPU
	EndGlobalSection
	GlobalSection(ProjectConfigurationPlatforms) = postSolution
		{ACF44E3C-A227-4803-B3FF-66A1BF080CC0}.Debug|Any CPU.ActiveCfg = Debug|Any CPU
		{ACF44E3C-A227-4803-B3FF-66A1BF080CC0}.Debug|Any CPU.Build.0 = Debug|Any CPU
		{ACF44E3C-A227-4803-B3FF-66A1BF080CC0}.Release|Any CPU.ActiveCfg = Release|Any CPU
		{ACF44E3C-A227-4803-B3FF-66A1BF080CC0}.Release|Any CPU.Build.0 = Release|Any CPU
	EndGlobalSection
	GlobalSection(SolutionProperties) = preSolution
		HideSolutionNode = FALSE
	EndGlobalSection
	GlobalSection(ExtensibilityGlobals) = postSolution
		SolutionGuid = {84DDE1BE-AAD8-4064-97CC-7C5735AAFB9D}
	EndGlobalSection
EndGlobal
